
Microsoft Visual Studio Solution File, Format Version 12.00
# Visual Studio Version 17
VisualStudioVersion = 17.6.33723.286
MinimumVisualStudioVersion = 10.0.40219.1
Project("{FAE04EC0-301F-11D3-BF4B-00C04F79EFBC}") = "AcertarGSS", "AcertarGSS.csproj", "{A1F84580-1B7C-4C31-AA5B-D5628A434333}"
EndProject
Global
	GlobalSection(SolutionConfigurationPlatforms) = preSolution
		Debug|Any CPU = Debug|Any CPU
		Release|Any CPU = Release|Any CPU
	EndGlobalSection
	GlobalSection(ProjectConfigurationPlatforms) = postSolution
		{A1F84580-1B7C-4C31-AA5B-D5628A434333}.Debug|Any CPU.ActiveCfg = Debug|Any CPU
		{A1F84580-1B7C-4C31-AA5B-D5628A434333}.Debug|Any CPU.Build.0 = Debug|Any CPU
		{A1F84580-1B7C-4C31-AA5B-D5628A434333}.Release|Any CPU.ActiveCfg = Release|Any CPU
		{A1F84580-1B7C-4C31-AA5B-D5628A434333}.Release|Any CPU.Build.0 = Release|Any CPU
	EndGlobalSection
	GlobalSection(SolutionProperties) = preSolution
		HideSolutionNode = FALSE
	EndGlobalSection
	GlobalSection(ExtensibilityGlobals) = postSolution
		SolutionGuid = {9678C5D0-08B8-4CFA-AF57-00F84118E76C}
	EndGlobalSection
EndGlobal
